// !$*UTF8*$!
{
	archiveVersion = 1;
	classes = {
	};
	objectVersion = 46;
	objects = {

/* Begin PBXBuildFile section */
		7EC944511DC7A2940040B2AE /* AppDelegate.swift in Sources */ = {isa = PBXBuildFile; fileRef = 7EC944501DC7A2940040B2AE /* AppDelegate.swift */; };
		7EC944531DC7A2940040B2AE /* ViewController.swift in Sources */ = {isa = PBXBuildFile; fileRef = 7EC944521DC7A2940040B2AE /* ViewController.swift */; };
		7EC944561DC7A2940040B2AE /* Main.storyboard in Resources */ = {isa = PBXBuildFile; fileRef = 7EC944541DC7A2940040B2AE /* Main.storyboard */; };
		7EC944581DC7A2940040B2AE /* Assets.xcassets in Resources */ = {isa = PBXBuildFile; fileRef = 7EC944571DC7A2940040B2AE /* Assets.xcassets */; };
		7EC9445B1DC7A2940040B2AE /* LaunchScreen.storyboard in Resources */ = {isa = PBXBuildFile; fileRef = 7EC944591DC7A2940040B2AE /* LaunchScreen.storyboard */; };
		7EC944661DC7A2940040B2AE /* provaGitTests.swift in Sources */ = {isa = PBXBuildFile; fileRef = 7EC944651DC7A2940040B2AE /* provaGitTests.swift */; };
		7EC944711DC7A2940040B2AE /* provaGitUITests.swift in Sources */ = {isa = PBXBuildFile; fileRef = 7EC944701DC7A2940040B2AE /* provaGitUITests.swift */; };
/* End PBXBuildFile section */

/* Begin PBXContainerItemProxy section */
		7EC944621DC7A2940040B2AE /* PBXContainerItemProxy */ = {
			isa = PBXContainerItemProxy;
			containerPortal = 7EC944451DC7A2940040B2AE /* Project object */;
			proxyType = 1;
			remoteGlobalIDString = 7EC9444C1DC7A2940040B2AE;
			remoteInfo = provaGit;
		};
		7EC9446D1DC7A2940040B2AE /* PBXContainerItemProxy */ = {
			isa = PBXContainerItemProxy;
			containerPortal = 7EC944451DC7A2940040B2AE /* Project object */;
			proxyType = 1;
			remoteGlobalIDString = 7EC9444C1DC7A2940040B2AE;
			remoteInfo = provaGit;
		};
/* End PBXContainerItemProxy section */

/* Begin PBXFileReference section */
		7EC9444D1DC7A2940040B2AE /* provaGit.app */ = {isa = PBXFileReference; explicitFileType = wrapper.application; includeInIndex = 0; path = provaGit.app; sourceTree = BUILT_PRODUCTS_DIR; };
		7EC944501DC7A2940040B2AE /* AppDelegate.swift */ = {isa = PBXFileReference; lastKnownFileType = sourcecode.swift; path = AppDelegate.swift; sourceTree = "<group>"; };
		7EC944521DC7A2940040B2AE /* ViewController.swift */ = {isa = PBXFileReference; lastKnownFileType = sourcecode.swift; path = ViewController.swift; sourceTree = "<group>"; };
		7EC944551DC7A2940040B2AE /* Base */ = {isa = PBXFileReference; lastKnownFileType = file.storyboard; name = Base; path = Base.lproj/Main.storyboard; sourceTree = "<group>"; };
		7EC944571DC7A2940040B2AE /* Assets.xcassets */ = {isa = PBXFileReference; lastKnownFileType = folder.assetcatalog; path = Assets.xcassets; sourceTree = "<group>"; };
		7EC9445A1DC7A2940040B2AE /* Base */ = {isa = PBXFileReference; lastKnownFileType = file.storyboard; name = Base; path = Base.lproj/LaunchScreen.storyboard; sourceTree = "<group>"; };
		7EC9445C1DC7A2940040B2AE /* Info.plist */ = {isa = PBXFileReference; lastKnownFileType = text.plist.xml; path = Info.plist; sourceTree = "<group>"; };
		7EC944611DC7A2940040B2AE /* provaGitTests.xctest */ = {isa = PBXFileReference; explicitFileType = wrapper.cfbundle; includeInIndex = 0; path = provaGitTests.xctest; sourceTree = BUILT_PRODUCTS_DIR; };
		7EC944651DC7A2940040B2AE /* provaGitTests.swift */ = {isa = PBXFileReference; lastKnownFileType = sourcecode.swift; path = provaGitTests.swift; sourceTree = "<group>"; };
		7EC944671DC7A2940040B2AE /* Info.plist */ = {isa = PBXFileReference; lastKnownFileType = text.plist.xml; path = Info.plist; sourceTree = "<group>"; };
		7EC9446C1DC7A2940040B2AE /* provaGitUITests.xctest */ = {isa = PBXFileReference; explicitFileType = wrapper.cfbundle; includeInIndex = 0; path = provaGitUITests.xctest; sourceTree = BUILT_PRODUCTS_DIR; };
		7EC944701DC7A2940040B2AE /* provaGitUITests.swift */ = {isa = PBXFileReference; lastKnownFileType = sourcecode.swift; path = provaGitUITests.swift; sourceTree = "<group>"; };
		7EC944721DC7A2940040B2AE /* Info.plist */ = {isa = PBXFileReference; lastKnownFileType = text.plist.xml; path = Info.plist; sourceTree = "<group>"; };
/* End PBXFileReference section */

/* Begin PBXFrameworksBuildPhase section */
		7EC9444A1DC7A2940040B2AE /* Frameworks */ = {
			isa = PBXFrameworksBuildPhase;
			buildActionMask = 2147483647;
			files = (
			);
			runOnlyForDeploymentPostprocessing = 0;
		};
		7EC9445E1DC7A2940040B2AE /* Frameworks */ = {
			isa = PBXFrameworksBuildPhase;
			buildActionMask = 2147483647;
			files = (
			);
			runOnlyForDeploymentPostprocessing = 0;
		};
		7EC944691DC7A2940040B2AE /* Frameworks */ = {
			isa = PBXFrameworksBuildPhase;
			buildActionMask = 2147483647;
			files = (
			);
			runOnlyForDeploymentPostprocessing = 0;
		};
/* End PBXFrameworksBuildPhase section */

/* Begin PBXGroup section */
		7EC944441DC7A2940040B2AE = {
			isa = PBXGroup;
			children = (
				7EC9444F1DC7A2940040B2AE /* provaGit */,
				7EC944641DC7A2940040B2AE /* provaGitTests */,
				7EC9446F1DC7A2940040B2AE /* provaGitUITests */,
				7EC9444E1DC7A2940040B2AE /* Products */,
			);
			sourceTree = "<group>";
		};
		7EC9444E1DC7A2940040B2AE /* Products */ = {
			isa = PBXGroup;
			children = (
				7EC9444D1DC7A2940040B2AE /* provaGit.app */,
				7EC944611DC7A2940040B2AE /* provaGitTests.xctest */,
				7EC9446C1DC7A2940040B2AE /* provaGitUITests.xctest */,
			);
			name = Products;
			sourceTree = "<group>";
		};
		7EC9444F1DC7A2940040B2AE /* provaGit */ = {
			isa = PBXGroup;
			children = (
				7EC944501DC7A2940040B2AE /* AppDelegate.swift */,
				7EC944521DC7A2940040B2AE /* ViewController.swift */,
				7EC944541DC7A2940040B2AE /* Main.storyboard */,
				7EC944571DC7A2940040B2AE /* Assets.xcassets */,
				7EC944591DC7A2940040B2AE /* LaunchScreen.storyboard */,
				7EC9445C1DC7A2940040B2AE /* Info.plist */,
			);
			path = provaGit;
			sourceTree = "<group>";
		};
		7EC944641DC7A2940040B2AE /* provaGitTests */ = {
			isa = PBXGroup;
			children = (
				7EC944651DC7A2940040B2AE /* provaGitTests.swift */,
				7EC944671DC7A2940040B2AE /* Info.plist */,
			);
			path = provaGitTests;
			sourceTree = "<group>";
		};
		7EC9446F1DC7A2940040B2AE /* provaGitUITests */ = {
			isa = PBXGroup;
			children = (
				7EC944701DC7A2940040B2AE /* provaGitUITests.swift */,
				7EC944721DC7A2940040B2AE /* Info.plist */,
			);
			path = provaGitUITests;
			sourceTree = "<group>";
		};
/* End PBXGroup section */

/* Begin PBXNativeTarget section */
		7EC9444C1DC7A2940040B2AE /* provaGit */ = {
			isa = PBXNativeTarget;
			buildConfigurationList = 7EC944751DC7A2940040B2AE /* Build configuration list for PBXNativeTarget "provaGit" */;
			buildPhases = (
				7EC944491DC7A2940040B2AE /* Sources */,
				7EC9444A1DC7A2940040B2AE /* Frameworks */,
				7EC9444B1DC7A2940040B2AE /* Resources */,
			);
			buildRules = (
			);
			dependencies = (
			);
			name = provaGit;
			productName = provaGit;
			productReference = 7EC9444D1DC7A2940040B2AE /* provaGit.app */;
			productType = "com.apple.product-type.application";
		};
		7EC944601DC7A2940040B2AE /* provaGitTests */ = {
			isa = PBXNativeTarget;
			buildConfigurationList = 7EC944781DC7A2940040B2AE /* Build configuration list for PBXNativeTarget "provaGitTests" */;
			buildPhases = (
				7EC9445D1DC7A2940040B2AE /* Sources */,
				7EC9445E1DC7A2940040B2AE /* Frameworks */,
				7EC9445F1DC7A2940040B2AE /* Resources */,
			);
			buildRules = (
			);
			dependencies = (
				7EC944631DC7A2940040B2AE /* PBXTargetDependency */,
			);
			name = provaGitTests;
			productName = provaGitTests;
			productReference = 7EC944611DC7A2940040B2AE /* provaGitTests.xctest */;
			productType = "com.apple.product-type.bundle.unit-test";
		};
		7EC9446B1DC7A2940040B2AE /* provaGitUITests */ = {
			isa = PBXNativeTarget;
			buildConfigurationList = 7EC9447B1DC7A2940040B2AE /* Build configuration list for PBXNativeTarget "provaGitUITests" */;
			buildPhases = (
				7EC944681DC7A2940040B2AE /* Sources */,
				7EC944691DC7A2940040B2AE /* Frameworks */,
				7EC9446A1DC7A2940040B2AE /* Resources */,
			);
			buildRules = (
			);
			dependencies = (
				7EC9446E1DC7A2940040B2AE /* PBXTargetDependency */,
			);
			name = provaGitUITests;
			productName = provaGitUITests;
			productReference = 7EC9446C1DC7A2940040B2AE /* provaGitUITests.xctest */;
			productType = "com.apple.product-type.bundle.ui-testing";
		};
/* End PBXNativeTarget section */

/* Begin PBXProject section */
		7EC944451DC7A2940040B2AE /* Project object */ = {
			isa = PBXProject;
			attributes = {
				LastSwiftUpdateCheck = 0800;
				LastUpgradeCheck = 0800;
				ORGANIZATIONNAME = "Jordi Borràs i Vivó";
				TargetAttributes = {
					7EC9444C1DC7A2940040B2AE = {
						CreatedOnToolsVersion = 8.0;
						ProvisioningStyle = Automatic;
					};
					7EC944601DC7A2940040B2AE = {
						CreatedOnToolsVersion = 8.0;
						ProvisioningStyle = Automatic;
						TestTargetID = 7EC9444C1DC7A2940040B2AE;
					};
					7EC9446B1DC7A2940040B2AE = {
						CreatedOnToolsVersion = 8.0;
						ProvisioningStyle = Automatic;
						TestTargetID = 7EC9444C1DC7A2940040B2AE;
					};
				};
			};
			buildConfigurationList = 7EC944481DC7A2940040B2AE /* Build configuration list for PBXProject "provaGit" */;
			compatibilityVersion = "Xcode 3.2";
			developmentRegion = English;
			hasScannedForEncodings = 0;
			knownRegions = (
				en,
				Base,
			);
			mainGroup = 7EC944441DC7A2940040B2AE;
			productRefGroup = 7EC9444E1DC7A2940040B2AE /* Products */;
			projectDirPath = "";
			projectRoot = "";
			targets = (
				7EC9444C1DC7A2940040B2AE /* provaGit */,
				7EC944601DC7A2940040B2AE /* provaGitTests */,
				7EC9446B1DC7A2940040B2AE /* provaGitUITests */,
			);
		};
/* End PBXProject section */

/* Begin PBXResourcesBuildPhase section */
		7EC9444B1DC7A2940040B2AE /* Resources */ = {
			isa = PBXResourcesBuildPhase;
			buildActionMask = 2147483647;
			files = (
				7EC9445B1DC7A2940040B2AE /* LaunchScreen.storyboard in Resources */,
				7EC944581DC7A2940040B2AE /* Assets.xcassets in Resources */,
				7EC944561DC7A2940040B2AE /* Main.storyboard in Resources */,
			);
			runOnlyForDeploymentPostprocessing = 0;
		};
		7EC9445F1DC7A2940040B2AE /* Resources */ = {
			isa = PBXResourcesBuildPhase;
			buildActionMask = 2147483647;
			files = (
			);
			runOnlyForDeploymentPostprocessing = 0;
		};
		7EC9446A1DC7A2940040B2AE /* Resources */ = {
			isa = PBXResourcesBuildPhase;
			buildActionMask = 2147483647;
			files = (
			);
			runOnlyForDeploymentPostprocessing = 0;
		};
/* End PBXResourcesBuildPhase section */

/* Begin PBXSourcesBuildPhase section */
		7EC944491DC7A2940040B2AE /* Sources */ = {
			isa = PBXSourcesBuildPhase;
			buildActionMask = 2147483647;
			files = (
				7EC944531DC7A2940040B2AE /* ViewController.swift in Sources */,
				7EC944511DC7A2940040B2AE /* AppDelegate.swift in Sources */,
			);
			runOnlyForDeploymentPostprocessing = 0;
		};
		7EC9445D1DC7A2940040B2AE /* Sources */ = {
			isa = PBXSourcesBuildPhase;
			buildActionMask = 2147483647;
			files = (
				7EC944661DC7A2940040B2AE /* provaGitTests.swift in Sources */,
			);
			runOnlyForDeploymentPostprocessing = 0;
		};
		7EC944681DC7A2940040B2AE /* Sources */ = {
			isa = PBXSourcesBuildPhase;
			buildActionMask = 2147483647;
			files = (
				7EC944711DC7A2940040B2AE /* provaGitUITests.swift in Sources */,
			);
			runOnlyForDeploymentPostprocessing = 0;
		};
/* End PBXSourcesBuildPhase section */

/* Begin PBXTargetDependency section */
		7EC944631DC7A2940040B2AE /* PBXTargetDependency */ = {
			isa = PBXTargetDependency;
			target = 7EC9444C1DC7A2940040B2AE /* provaGit */;
			targetProxy = 7EC944621DC7A2940040B2AE /* PBXContainerItemProxy */;
		};
		7EC9446E1DC7A2940040B2AE /* PBXTargetDependency */ = {
			isa = PBXTargetDependency;
			target = 7EC9444C1DC7A2940040B2AE /* provaGit */;
			targetProxy = 7EC9446D1DC7A2940040B2AE /* PBXContainerItemProxy */;
		};
/* End PBXTargetDependency section */

/* Begin PBXVariantGroup section */
		7EC944541DC7A2940040B2AE /* Main.storyboard */ = {
			isa = PBXVariantGroup;
			children = (
				7EC944551DC7A2940040B2AE /* Base */,
			);
			name = Main.storyboard;
			sourceTree = "<group>";
		};
		7EC944591DC7A2940040B2AE /* LaunchScreen.storyboard */ = {
			isa = PBXVariantGroup;
			children = (
				7EC9445A1DC7A2940040B2AE /* Base */,
			);
			name = LaunchScreen.storyboard;
			sourceTree = "<group>";
		};
/* End PBXVariantGroup section */

/* Begin XCBuildConfiguration section */
		7EC944731DC7A2940040B2AE /* Debug */ = {
			isa = XCBuildConfiguration;
			buildSettings = {
				ALWAYS_SEARCH_USER_PATHS = NO;
				CLANG_ANALYZER_NONNULL = YES;
				CLANG_CXX_LANGUAGE_STANDARD = "gnu++0x";
				CLANG_CXX_LIBRARY = "libc++";
				CLANG_ENABLE_MODULES = YES;
				CLANG_ENABLE_OBJC_ARC = YES;
				CLANG_WARN_BOOL_CONVERSION = YES;
				CLANG_WARN_CONSTANT_CONVERSION = YES;
				CLANG_WARN_DIRECT_OBJC_ISA_USAGE = YES_ERROR;
				CLANG_WARN_DOCUMENTATION_COMMENTS = YES;
				CLANG_WARN_EMPTY_BODY = YES;
				CLANG_WARN_ENUM_CONVERSION = YES;
				CLANG_WARN_INFINITE_RECURSION = YES;
				CLANG_WARN_INT_CONVERSION = YES;
				CLANG_WARN_OBJC_ROOT_CLASS = YES_ERROR;
				CLANG_WARN_SUSPICIOUS_MOVES = YES;
				CLANG_WARN_UNREACHABLE_CODE = YES;
				CLANG_WARN__DUPLICATE_METHOD_MATCH = YES;
				"CODE_SIGN_IDENTITY[sdk=iphoneos*]" = "iPhone Developer";
				COPY_PHASE_STRIP = NO;
				DEBUG_INFORMATION_FORMAT = dwarf;
				ENABLE_STRICT_OBJC_MSGSEND = YES;
				ENABLE_TESTABILITY = YES;
				GCC_C_LANGUAGE_STANDARD = gnu99;
				GCC_DYNAMIC_NO_PIC = NO;
				GCC_NO_COMMON_BLOCKS = YES;
				GCC_OPTIMIZATION_LEVEL = 0;
				GCC_PREPROCESSOR_DEFINITIONS = (
					"DEBUG=1",
					"$(inherited)",
				);
				GCC_WARN_64_TO_32_BIT_CONVERSION = YES;
				GCC_WARN_ABOUT_RETURN_TYPE = YES_ERROR;
				GCC_WARN_UNDECLARED_SELECTOR = YES;
				GCC_WARN_UNINITIALIZED_AUTOS = YES_AGGRESSIVE;
				GCC_WARN_UNUSED_FUNCTION = YES;
				GCC_WARN_UNUSED_VARIABLE = YES;
				IPHONEOS_DEPLOYMENT_TARGET = 10.0;
				MTL_ENABLE_DEBUG_INFO = YES;
				ONLY_ACTIVE_ARCH = YES;
				SDKROOT = iphoneos;
				SWIFT_ACTIVE_COMPILATION_CONDITIONS = DEBUG;
				SWIFT_OPTIMIZATION_LEVEL = "-Onone";
				TARGETED_DEVICE_FAMILY = "1,2";
			};
			name = Debug;
		};
		7EC944741DC7A2940040B2AE /* Release */ = {
			isa = XCBuildConfiguration;
			buildSettings = {
				ALWAYS_SEARCH_USER_PATHS = NO;
				CLANG_ANALYZER_NONNULL = YES;
				CLANG_CXX_LANGUAGE_STANDARD = "gnu++0x";
				CLANG_CXX_LIBRARY = "libc++";
				CLANG_ENABLE_MODULES = YES;
				CLANG_ENABLE_OBJC_ARC = YES;
				CLANG_WARN_BOOL_CONVERSION = YES;
				CLANG_WARN_CONSTANT_CONVERSION = YES;
				CLANG_WARN_DIRECT_OBJC_ISA_USAGE = YES_ERROR;
				CLANG_WARN_DOCUMENTATION_COMMENTS = YES;
				CLANG_WARN_EMPTY_BODY = YES;
				CLANG_WARN_ENUM_CONVERSION = YES;
				CLANG_WARN_INFINITE_RECURSION = YES;
				CLANG_WARN_INT_CONVERSION = YES;
				CLANG_WARN_OBJC_ROOT_CLASS = YES_ERROR;
				CLANG_WARN_SUSPICIOUS_MOVES = YES;
				CLANG_WARN_UNREACHABLE_CODE = YES;
				CLANG_WARN__DUPLICATE_METHOD_MATCH = YES;
				"CODE_SIGN_IDENTITY[sdk=iphoneos*]" = "iPhone Developer";
				COPY_PHASE_STRIP = NO;
				DEBUG_INFORMATION_FORMAT = "dwarf-with-dsym";
				ENABLE_NS_ASSERTIONS = NO;
				ENABLE_STRICT_OBJC_MSGSEND = YES;
				GCC_C_LANGUAGE_STANDARD = gnu99;
				GCC_NO_COMMON_BLOCKS = YES;
				GCC_WARN_64_TO_32_BIT_CONVERSION = YES;
				GCC_WARN_ABOUT_RETURN_TYPE = YES_ERROR;
				GCC_WARN_UNDECLARED_SELECTOR = YES;
				GCC_WARN_UNINITIALIZED_AUTOS = YES_AGGRESSIVE;
				GCC_WARN_UNUSED_FUNCTION = YES;
				GCC_WARN_UNUSED_VARIABLE = YES;
				IPHONEOS_DEPLOYMENT_TARGET = 10.0;
				MTL_ENABLE_DEBUG_INFO = NO;
				SDKROOT = iphoneos;
				SWIFT_OPTIMIZATION_LEVEL = "-Owholemodule";
				TARGETED_DEVICE_FAMILY = "1,2";
				VALIDATE_PRODUCT = YES;
			};
			name = Release;
		};
		7EC944761DC7A2940040B2AE /* Debug */ = {
			isa = XCBuildConfiguration;
			buildSettings = {
				ASSETCATALOG_COMPILER_APPICON_NAME = AppIcon;
				INFOPLIST_FILE = provaGit/Info.plist;
				LD_RUNPATH_SEARCH_PATHS = "$(inherited) @executable_path/Frameworks";
				PRODUCT_BUNDLE_IDENTIFIER = jordiborras.provaGit;
				PRODUCT_NAME = "$(TARGET_NAME)";
				SWIFT_VERSION = 3.0;
			};
			name = Debug;
		};
		7EC944771DC7A2940040B2AE /* Release */ = {
			isa = XCBuildConfiguration;
			buildSettings = {
				ASSETCATALOG_COMPILER_APPICON_NAME = AppIcon;
				INFOPLIST_FILE = provaGit/Info.plist;
				LD_RUNPATH_SEARCH_PATHS = "$(inherited) @executable_path/Frameworks";
				PRODUCT_BUNDLE_IDENTIFIER = jordiborras.provaGit;
				PRODUCT_NAME = "$(TARGET_NAME)";
				SWIFT_VERSION = 3.0;
			};
			name = Release;
		};
		7EC944791DC7A2940040B2AE /* Debug */ = {
			isa = XCBuildConfiguration;
			buildSettings = {
				ALWAYS_EMBED_SWIFT_STANDARD_LIBRARIES = YES;
				BUNDLE_LOADER = "$(TEST_HOST)";
				INFOPLIST_FILE = provaGitTests/Info.plist;
				LD_RUNPATH_SEARCH_PATHS = "$(inherited) @executable_path/Frameworks @loader_path/Frameworks";
				PRODUCT_BUNDLE_IDENTIFIER = jordiborras.provaGitTests;
				PRODUCT_NAME = "$(TARGET_NAME)";
				SWIFT_VERSION = 3.0;
				TEST_HOST = "$(BUILT_PRODUCTS_DIR)/provaGit.app/provaGit";
			};
			name = Debug;
		};
		7EC9447A1DC7A2940040B2AE /* Release */ = {
			isa = XCBuildConfiguration;
			buildSettings = {
				ALWAYS_EMBED_SWIFT_STANDARD_LIBRARIES = YES;
				BUNDLE_LOADER = "$(TEST_HOST)";
				INFOPLIST_FILE = provaGitTests/Info.plist;
				LD_RUNPATH_SEARCH_PATHS = "$(inherited) @executable_path/Frameworks @loader_path/Frameworks";
				PRODUCT_BUNDLE_IDENTIFIER = jordiborras.provaGitTests;
				PRODUCT_NAME = "$(TARGET_NAME)";
				SWIFT_VERSION = 3.0;
				TEST_HOST = "$(BUILT_PRODUCTS_DIR)/provaGit.app/provaGit";
			};
			name = Release;
		};
		7EC9447C1DC7A2940040B2AE /* Debug */ = {
			isa = XCBuildConfiguration;
			buildSettings = {
				ALWAYS_EMBED_SWIFT_STANDARD_LIBRARIES = YES;
				INFOPLIST_FILE = provaGitUITests/Info.plist;
				LD_RUNPATH_SEARCH_PATHS = "$(inherited) @executable_path/Frameworks @loader_path/Frameworks";
				PRODUCT_BUNDLE_IDENTIFIER = jordiborras.provaGitUITests;
				PRODUCT_NAME = "$(TARGET_NAME)";
				SWIFT_VERSION = 3.0;
				TEST_TARGET_NAME = provaGit;
			};
			name = Debug;
		};
		7EC9447D1DC7A2940040B2AE /* Release */ = {
			isa = XCBuildConfiguration;
			buildSettings = {
				ALWAYS_EMBED_SWIFT_STANDARD_LIBRARIES = YES;
				INFOPLIST_FILE = provaGitUITests/Info.plist;
				LD_RUNPATH_SEARCH_PATHS = "$(inherited) @executable_path/Frameworks @loader_path/Frameworks";
				PRODUCT_BUNDLE_IDENTIFIER = jordiborras.provaGitUITests;
				PRODUCT_NAME = "$(TARGET_NAME)";
				SWIFT_VERSION = 3.0;
				TEST_TARGET_NAME = provaGit;
			};
			name = Release;
		};
/* End XCBuildConfiguration section */

/* Begin XCConfigurationList section */
		7EC944481DC7A2940040B2AE /* Build configuration list for PBXProject "provaGit" */ = {
			isa = XCConfigurationList;
			buildConfigurations = (
				7EC944731DC7A2940040B2AE /* Debug */,
				7EC944741DC7A2940040B2AE /* Release */,
			);
			defaultConfigurationIsVisible = 0;
			defaultConfigurationName = Release;
		};
		7EC944751DC7A2940040B2AE /* Build configuration list for PBXNativeTarget "provaGit" */ = {
			isa = XCConfigurationList;
			buildConfigurations = (
				7EC944761DC7A2940040B2AE /* Debug */,
				7EC944771DC7A2940040B2AE /* Release */,
			);
			defaultConfigurationIsVisible = 0;
		};
		7EC944781DC7A2940040B2AE /* Build configuration list for PBXNativeTarget "provaGitTests" */ = {
			isa = XCConfigurationList;
			buildConfigurations = (
				7EC944791DC7A2940040B2AE /* Debug */,
				7EC9447A1DC7A2940040B2AE /* Release */,
			);
			defaultConfigurationIsVisible = 0;
		};
		7EC9447B1DC7A2940040B2AE /* Build configuration list for PBXNativeTarget "provaGitUITests" */ = {
			isa = XCConfigurationList;
			buildConfigurations = (
				7EC9447C1DC7A2940040B2AE /* Debug */,
				7EC9447D1DC7A2940040B2AE /* Release */,
			);
			defaultConfigurationIsVisible = 0;
		};
/* End XCConfigurationList section */
	};
	rootObject = 7EC944451DC7A2940040B2AE /* Project object */;
}
